
Microsoft Visual Studio Solution File, Format Version 12.00
# Visual Studio Version 16
VisualStudioVersion = 16.0.30711.63
MinimumVisualStudioVersion = 10.0.40219.1
Project("{FAE04EC0-301F-11D3-BF4B-00C04F79EFBC}") = "Host", "Host\Host.csproj", "{BC722A0A-F0B2-4C44-851B-616E10E61DE5}"
EndProject
Project("{FAE04EC0-301F-11D3-BF4B-00C04F79EFBC}") = "Model", "Model\Model.csproj", "{BA0E92B1-6CF8-4FB6-8A46-A544365DCF07}"
EndProject
Project("{FAE04EC0-301F-11D3-BF4B-00C04F79EFBC}") = "ViewModel", "ViewModel\ViewModel.csproj", "{4EDA91BB-08B1-486C-B7B0-F14F0813072A}"
EndProject
Project("{2150E333-8FDC-42A3-9474-1A3956D46DE8}") = "Data", "Data", "{B8138BFF-718C-4322-9C7B-080FA4AF967F}"
EndProject
Project("{FAE04EC0-301F-11D3-BF4B-00C04F79EFBC}") = "WcfServer", "WcfServer\WcfServer.csproj", "{1DFA190E-9D7B-4B34-B64E-214A92346303}"
EndProject
Global
	GlobalSection(SolutionConfigurationPlatforms) = preSolution
		Debug|Any CPU = Debug|Any CPU
		Debug|ARM = Debug|ARM
		Debug|ARM64 = Debug|ARM64
		Debug|x64 = Debug|x64
		Debug|x86 = Debug|x86
		Release|Any CPU = Release|Any CPU
		Release|ARM = Release|ARM
		Release|ARM64 = Release|ARM64
		Release|x64 = Release|x64
		Release|x86 = Release|x86
	EndGlobalSection
	GlobalSection(ProjectConfigurationPlatforms) = postSolution
		{BC722A0A-F0B2-4C44-851B-616E10E61DE5}.Debug|Any CPU.ActiveCfg = Debug|Any CPU
		{BC722A0A-F0B2-4C44-851B-616E10E61DE5}.Debug|Any CPU.Build.0 = Debug|Any CPU
		{BC722A0A-F0B2-4C44-851B-616E10E61DE5}.Debug|ARM.ActiveCfg = Debug|Any CPU
		{BC722A0A-F0B2-4C44-851B-616E10E61DE5}.Debug|ARM.Build.0 = Debug|Any CPU
		{BC722A0A-F0B2-4C44-851B-616E10E61DE5}.Debug|ARM64.ActiveCfg = Debug|Any CPU
		{BC722A0A-F0B2-4C44-851B-616E10E61DE5}.Debug|ARM64.Build.0 = Debug|Any CPU
		{BC722A0A-F0B2-4C44-851B-616E10E61DE5}.Debug|x64.ActiveCfg = Debug|Any CPU
		{BC722A0A-F0B2-4C44-851B-616E10E61DE5}.Debug|x64.Build.0 = Debug|Any CPU
		{BC722A0A-F0B2-4C44-851B-616E10E61DE5}.Debug|x86.ActiveCfg = Debug|Any CPU
		{BC722A0A-F0B2-4C44-851B-616E10E61DE5}.Debug|x86.Build.0 = Debug|Any CPU
		{BC722A0A-F0B2-4C44-851B-616E10E61DE5}.Release|Any CPU.ActiveCfg = Release|Any CPU
		{BC722A0A-F0B2-4C44-851B-616E10E61DE5}.Release|Any CPU.Build.0 = Release|Any CPU
		{BC722A0A-F0B2-4C44-851B-616E10E61DE5}.Release|ARM.ActiveCfg = Release|Any CPU
		{BC722A0A-F0B2-4C44-851B-616E10E61DE5}.Release|ARM.Build.0 = Release|Any CPU
		{BC722A0A-F0B2-4C44-851B-616E10E61DE5}.Release|ARM64.ActiveCfg = Release|Any CPU
		{BC722A0A-F0B2-4C44-851B-616E10E61DE5}.Release|ARM64.Build.0 = Release|Any CPU
		{BC722A0A-F0B2-4C44-851B-616E10E61DE5}.Release|x64.ActiveCfg = Release|Any CPU
		{BC722A0A-F0B2-4C44-851B-616E10E61DE5}.Release|x64.Build.0 = Release|Any CPU
		{BC722A0A-F0B2-4C44-851B-616E10E61DE5}.Release|x86.ActiveCfg = Release|Any CPU
		{BC722A0A-F0B2-4C44-851B-616E10E61DE5}.Release|x86.Build.0 = Release|Any CPU
		{BA0E92B1-6CF8-4FB6-8A46-A544365DCF07}.Debug|Any CPU.ActiveCfg = Debug|Any CPU
		{BA0E92B1-6CF8-4FB6-8A46-A544365DCF07}.Debug|Any CPU.Build.0 = Debug|Any CPU
		{BA0E92B1-6CF8-4FB6-8A46-A544365DCF07}.Debug|ARM.ActiveCfg = Debug|Any CPU
		{BA0E92B1-6CF8-4FB6-8A46-A544365DCF07}.Debug|ARM.Build.0 = Debug|Any CPU
		{BA0E92B1-6CF8-4FB6-8A46-A544365DCF07}.Debug|ARM64.ActiveCfg = Debug|Any CPU
		{BA0E92B1-6CF8-4FB6-8A46-A544365DCF07}.Debug|ARM64.Build.0 = Debug|Any CPU
		{BA0E92B1-6CF8-4FB6-8A46-A544365DCF07}.Debug|x64.ActiveCfg = Debug|Any CPU
		{BA0E92B1-6CF8-4FB6-8A46-A544365DCF07}.Debug|x64.Build.0 = Debug|Any CPU
		{BA0E92B1-6CF8-4FB6-8A46-A544365DCF07}.Debug|x86.ActiveCfg = Debug|Any CPU
		{BA0E92B1-6CF8-4FB6-8A46-A544365DCF07}.Debug|x86.Build.0 = Debug|Any CPU
		{BA0E92B1-6CF8-4FB6-8A46-A544365DCF07}.Release|Any CPU.ActiveCfg = Release|Any CPU
		{BA0E92B1-6CF8-4FB6-8A46-A544365DCF07}.Release|Any CPU.Build.0 = Release|Any CPU
		{BA0E92B1-6CF8-4FB6-8A46-A544365DCF07}.Release|ARM.ActiveCfg = Release|Any CPU
		{BA0E92B1-6CF8-4FB6-8A46-A544365DCF07}.Release|ARM.Build.0 = Release|Any CPU
		{BA0E92B1-6CF8-4FB6-8A46-A544365DCF07}.Release|ARM64.ActiveCfg = Release|Any CPU
		{BA0E92B1-6CF8-4FB6-8A46-A544365DCF07}.Release|ARM64.Build.0 = Release|Any CPU
		{BA0E92B1-6CF8-4FB6-8A46-A544365DCF07}.Release|x64.ActiveCfg = Release|Any CPU
		{BA0E92B1-6CF8-4FB6-8A46-A544365DCF07}.Release|x64.Build.0 = Release|Any CPU
		{BA0E92B1-6CF8-4FB6-8A46-A544365DCF07}.Release|x86.ActiveCfg = Release|Any CPU
		{BA0E92B1-6CF8-4FB6-8A46-A544365DCF07}.Release|x86.Build.0 = Release|Any CPU
		{4EDA91BB-08B1-486C-B7B0-F14F0813072A}.Debug|Any CPU.ActiveCfg = Debug|Any CPU
		{4EDA91BB-08B1-486C-B7B0-F14F0813072A}.Debug|Any CPU.Build.0 = Debug|Any CPU
		{4EDA91BB-08B1-486C-B7B0-F14F0813072A}.Debug|ARM.ActiveCfg = Debug|Any CPU
		{4EDA91BB-08B1-486C-B7B0-F14F0813072A}.Debug|ARM.Build.0 = Debug|Any CPU
		{4EDA91BB-08B1-486C-B7B0-F14F0813072A}.Debug|ARM64.ActiveCfg = Debug|Any CPU
		{4EDA91BB-08B1-486C-B7B0-F14F0813072A}.Debug|ARM64.Build.0 = Debug|Any CPU
		{4EDA91BB-08B1-486C-B7B0-F14F0813072A}.Debug|x64.ActiveCfg = Debug|Any CPU
		{4EDA91BB-08B1-486C-B7B0-F14F0813072A}.Debug|x64.Build.0 = Debug|Any CPU
		{4EDA91BB-08B1-486C-B7B0-F14F0813072A}.Debug|x86.ActiveCfg = Debug|Any CPU
		{4EDA91BB-08B1-486C-B7B0-F14F0813072A}.Debug|x86.Build.0 = Debug|Any CPU
		{4EDA91BB-08B1-486C-B7B0-F14F0813072A}.Release|Any CPU.ActiveCfg = Release|Any CPU
		{4EDA91BB-08B1-486C-B7B0-F14F0813072A}.Release|Any CPU.Build.0 = Release|Any CPU
		{4EDA91BB-08B1-486C-B7B0-F14F0813072A}.Release|ARM.ActiveCfg = Release|Any CPU
		{4EDA91BB-08B1-486C-B7B0-F14F0813072A}.Release|ARM.Build.0 = Release|Any CPU
		{4EDA91BB-08B1-486C-B7B0-F14F0813072A}.Release|ARM64.ActiveCfg = Release|Any CPU
		{4EDA91BB-08B1-486C-B7B0-F14F0813072A}.Release|ARM64.Build.0 = Release|Any CPU
		{4EDA91BB-08B1-486C-B7B0-F14F0813072A}.Release|x64.ActiveCfg = Release|Any CPU
		{4EDA91BB-08B1-486C-B7B0-F14F0813072A}.Release|x64.Build.0 = Release|Any CPU
		{4EDA91BB-08B1-486C-B7B0-F14F0813072A}.Release|x86.ActiveCfg = Release|Any CPU
		{4EDA91BB-08B1-486C-B7B0-F14F0813072A}.Release|x86.Build.0 = Release|Any CPU
		{1DFA190E-9D7B-4B34-B64E-214A92346303}.Debug|Any CPU.ActiveCfg = Debug|Any CPU
		{1DFA190E-9D7B-4B34-B64E-214A92346303}.Debug|Any CPU.Build.0 = Debug|Any CPU
		{1DFA190E-9D7B-4B34-B64E-214A92346303}.Debug|ARM.ActiveCfg = Debug|Any CPU
		{1DFA190E-9D7B-4B34-B64E-214A92346303}.Debug|ARM.Build.0 = Debug|Any CPU
		{1DFA190E-9D7B-4B34-B64E-214A92346303}.Debug|ARM64.ActiveCfg = Debug|Any CPU
		{1DFA190E-9D7B-4B34-B64E-214A92346303}.Debug|ARM64.Build.0 = Debug|Any CPU
		{1DFA190E-9D7B-4B34-B64E-214A92346303}.Debug|x64.ActiveCfg = Debug|Any CPU
		{1DFA190E-9D7B-4B34-B64E-214A92346303}.Debug|x64.Build.0 = Debug|Any CPU
		{1DFA190E-9D7B-4B34-B64E-214A92346303}.Debug|x86.ActiveCfg = Debug|Any CPU
		{1DFA190E-9D7B-4B34-B64E-214A92346303}.Debug|x86.Build.0 = Debug|Any CPU
		{1DFA190E-9D7B-4B34-B64E-214A92346303}.Release|Any CPU.ActiveCfg = Release|Any CPU
		{1DFA190E-9D7B-4B34-B64E-214A92346303}.Release|Any CPU.Build.0 = Release|Any CPU
		{1DFA190E-9D7B-4B34-B64E-214A92346303}.Release|ARM.ActiveCfg = Release|Any CPU
		{1DFA190E-9D7B-4B34-B64E-214A92346303}.Release|ARM.Build.0 = Release|Any CPU
		{1DFA190E-9D7B-4B34-B64E-214A92346303}.Release|ARM64.ActiveCfg = Release|Any CPU
		{1DFA190E-9D7B-4B34-B64E-214A92346303}.Release|ARM64.Build.0 = Release|Any CPU
		{1DFA190E-9D7B-4B34-B64E-214A92346303}.Release|x64.ActiveCfg = Release|Any CPU
		{1DFA190E-9D7B-4B34-B64E-214A92346303}.Release|x64.Build.0 = Release|Any CPU
		{1DFA190E-9D7B-4B34-B64E-214A92346303}.Release|x86.ActiveCfg = Release|Any CPU
		{1DFA190E-9D7B-4B34-B64E-214A92346303}.Release|x86.Build.0 = Release|Any CPU
	EndGlobalSection
	GlobalSection(SolutionProperties) = preSolution
		HideSolutionNode = FALSE
	EndGlobalSection
	GlobalSection(ExtensibilityGlobals) = postSolution
		SolutionGuid = {934D1725-6B7F-4A2C-9949-5D8FE6895A2E}
	EndGlobalSection
EndGlobal
